
Microsoft Visual Studio Solution File, Format Version 12.00
# Visual Studio 14
VisualStudioVersion = 14.0.24720.0
MinimumVisualStudioVersion = 10.0.40219.1
Project("{8BC9CEB8-8B4A-11D0-8D11-00A0C91BC942}") = "Euler1", "Euler1\Euler1.vcxproj", "{CB809650-08C9-4EC5-91C5-F8B37049B4D8}"
EndProject
Project("{8BC9CEB8-8B4A-11D0-8D11-00A0C91BC942}") = "Euler2", "Euler2\Euler2.vcxproj", "{F80B71E0-9DD1-467A-81CA-397412BCCB24}"
EndProject
Project("{8BC9CEB8-8B4A-11D0-8D11-00A0C91BC942}") = "Euler3", "Euler3\Euler3.vcxproj", "{D04C81E6-3EC9-4FA5-A6A0-FE1307947038}"
EndProject
Project("{8BC9CEB8-8B4A-11D0-8D11-00A0C91BC942}") = "Euler4", "Euler4\Euler4.vcxproj", "{A81332A8-9179-497D-AC18-9AE64DF16A0A}"
EndProject
Project("{8BC9CEB8-8B4A-11D0-8D11-00A0C91BC942}") = "Euler5", "Euler5\Euler5.vcxproj", "{3515607C-159A-4353-8362-E406D39908E0}"
EndProject
Project("{8BC9CEB8-8B4A-11D0-8D11-00A0C91BC942}") = "Euler6", "Euler6\Euler6.vcxproj", "{A53BC5B7-1440-4345-88C6-6AF09140329E}"
EndProject
Project("{8BC9CEB8-8B4A-11D0-8D11-00A0C91BC942}") = "Euler7", "Euler7\Euler7.vcxproj", "{430FE254-5019-49A1-B7AC-6D21CC15C958}"
EndProject
Project("{8BC9CEB8-8B4A-11D0-8D11-00A0C91BC942}") = "Euler8", "Euler8\Euler8.vcxproj", "{DBCF4416-6671-40F9-BEC8-7ED56E7B4219}"
EndProject
Project("{8BC9CEB8-8B4A-11D0-8D11-00A0C91BC942}") = "Euler9", "Euler9\Euler9.vcxproj", "{86E5EAA6-41F9-465B-B2BC-6BDCC69A500F}"
EndProject
Project("{8BC9CEB8-8B4A-11D0-8D11-00A0C91BC942}") = "Euler10", "Euler10\Euler10.vcxproj", "{D1E2BB27-5E8A-4438-813D-CDE3E21B6ABC}"
EndProject
Project("{8BC9CEB8-8B4A-11D0-8D11-00A0C91BC942}") = "Euler11", "Euler11\Euler11.vcxproj", "{4A87AD68-4C51-439D-B35C-E303208A70A3}"
EndProject
Project("{8BC9CEB8-8B4A-11D0-8D11-00A0C91BC942}") = "Euler12", "Euler12\Euler12.vcxproj", "{DED19617-B51A-4EE3-A2E6-885FC54A96F4}"
EndProject
Project("{8BC9CEB8-8B4A-11D0-8D11-00A0C91BC942}") = "Euler13", "Euler13\Euler13.vcxproj", "{5935AA85-8A1F-4574-BCEE-EE0381E2490D}"
EndProject
Project("{8BC9CEB8-8B4A-11D0-8D11-00A0C91BC942}") = "Euler14", "Euler14\Euler14.vcxproj", "{5D21907D-5E11-47BC-BE95-2EA28E6678BA}"
EndProject
Project("{8BC9CEB8-8B4A-11D0-8D11-00A0C91BC942}") = "Euler15", "Euler15\Euler15.vcxproj", "{532635E4-73BE-4DD0-8BEF-5F6F005D25DF}"
EndProject
Project("{8BC9CEB8-8B4A-11D0-8D11-00A0C91BC942}") = "Euler16", "Euler16\Euler16.vcxproj", "{AD59C48A-ABE6-4FBE-84E5-6277E4F6F555}"
EndProject
Project("{8BC9CEB8-8B4A-11D0-8D11-00A0C91BC942}") = "Euler17", "Euler17\Euler17.vcxproj", "{ABFD9E17-065A-4111-B8D6-7E7F32D9601D}"
EndProject
Global
	GlobalSection(SolutionConfigurationPlatforms) = preSolution
		Debug|x64 = Debug|x64
		Debug|x86 = Debug|x86
		Release|x64 = Release|x64
		Release|x86 = Release|x86
	EndGlobalSection
	GlobalSection(ProjectConfigurationPlatforms) = postSolution
		{CB809650-08C9-4EC5-91C5-F8B37049B4D8}.Debug|x64.ActiveCfg = Debug|x64
		{CB809650-08C9-4EC5-91C5-F8B37049B4D8}.Debug|x64.Build.0 = Debug|x64
		{CB809650-08C9-4EC5-91C5-F8B37049B4D8}.Debug|x86.ActiveCfg = Debug|Win32
		{CB809650-08C9-4EC5-91C5-F8B37049B4D8}.Debug|x86.Build.0 = Debug|Win32
		{CB809650-08C9-4EC5-91C5-F8B37049B4D8}.Release|x64.ActiveCfg = Release|x64
		{CB809650-08C9-4EC5-91C5-F8B37049B4D8}.Release|x64.Build.0 = Release|x64
		{CB809650-08C9-4EC5-91C5-F8B37049B4D8}.Release|x86.ActiveCfg = Release|Win32
		{CB809650-08C9-4EC5-91C5-F8B37049B4D8}.Release|x86.Build.0 = Release|Win32
		{F80B71E0-9DD1-467A-81CA-397412BCCB24}.Debug|x64.ActiveCfg = Debug|x64
		{F80B71E0-9DD1-467A-81CA-397412BCCB24}.Debug|x64.Build.0 = Debug|x64
		{F80B71E0-9DD1-467A-81CA-397412BCCB24}.Debug|x86.ActiveCfg = Debug|Win32
		{F80B71E0-9DD1-467A-81CA-397412BCCB24}.Debug|x86.Build.0 = Debug|Win32
		{F80B71E0-9DD1-467A-81CA-397412BCCB24}.Release|x64.ActiveCfg = Release|x64
		{F80B71E0-9DD1-467A-81CA-397412BCCB24}.Release|x64.Build.0 = Release|x64
		{F80B71E0-9DD1-467A-81CA-397412BCCB24}.Release|x86.ActiveCfg = Release|Win32
		{F80B71E0-9DD1-467A-81CA-397412BCCB24}.Release|x86.Build.0 = Release|Win32
		{D04C81E6-3EC9-4FA5-A6A0-FE1307947038}.Debug|x64.ActiveCfg = Debug|x64
		{D04C81E6-3EC9-4FA5-A6A0-FE1307947038}.Debug|x64.Build.0 = Debug|x64
		{D04C81E6-3EC9-4FA5-A6A0-FE1307947038}.Debug|x86.ActiveCfg = Debug|Win32
		{D04C81E6-3EC9-4FA5-A6A0-FE1307947038}.Debug|x86.Build.0 = Debug|Win32
		{D04C81E6-3EC9-4FA5-A6A0-FE1307947038}.Release|x64.ActiveCfg = Release|x64
		{D04C81E6-3EC9-4FA5-A6A0-FE1307947038}.Release|x64.Build.0 = Release|x64
		{D04C81E6-3EC9-4FA5-A6A0-FE1307947038}.Release|x86.ActiveCfg = Release|Win32
		{D04C81E6-3EC9-4FA5-A6A0-FE1307947038}.Release|x86.Build.0 = Release|Win32
		{A81332A8-9179-497D-AC18-9AE64DF16A0A}.Debug|x64.ActiveCfg = Debug|x64
		{A81332A8-9179-497D-AC18-9AE64DF16A0A}.Debug|x64.Build.0 = Debug|x64
		{A81332A8-9179-497D-AC18-9AE64DF16A0A}.Debug|x86.ActiveCfg = Debug|Win32
		{A81332A8-9179-497D-AC18-9AE64DF16A0A}.Debug|x86.Build.0 = Debug|Win32
		{A81332A8-9179-497D-AC18-9AE64DF16A0A}.Release|x64.ActiveCfg = Release|x64
		{A81332A8-9179-497D-AC18-9AE64DF16A0A}.Release|x64.Build.0 = Release|x64
		{A81332A8-9179-497D-AC18-9AE64DF16A0A}.Release|x86.ActiveCfg = Release|Win32
		{A81332A8-9179-497D-AC18-9AE64DF16A0A}.Release|x86.Build.0 = Release|Win32
		{3515607C-159A-4353-8362-E406D39908E0}.Debug|x64.ActiveCfg = Debug|x64
		{3515607C-159A-4353-8362-E406D39908E0}.Debug|x64.Build.0 = Debug|x64
		{3515607C-159A-4353-8362-E406D39908E0}.Debug|x86.ActiveCfg = Debug|Win32
		{3515607C-159A-4353-8362-E406D39908E0}.Debug|x86.Build.0 = Debug|Win32
		{3515607C-159A-4353-8362-E406D39908E0}.Release|x64.ActiveCfg = Release|x64
		{3515607C-159A-4353-8362-E406D39908E0}.Release|x64.Build.0 = Release|x64
		{3515607C-159A-4353-8362-E406D39908E0}.Release|x86.ActiveCfg = Release|Win32
		{3515607C-159A-4353-8362-E406D39908E0}.Release|x86.Build.0 = Release|Win32
		{A53BC5B7-1440-4345-88C6-6AF09140329E}.Debug|x64.ActiveCfg = Debug|x64
		{A53BC5B7-1440-4345-88C6-6AF09140329E}.Debug|x64.Build.0 = Debug|x64
		{A53BC5B7-1440-4345-88C6-6AF09140329E}.Debug|x86.ActiveCfg = Debug|Win32
		{A53BC5B7-1440-4345-88C6-6AF09140329E}.Debug|x86.Build.0 = Debug|Win32
		{A53BC5B7-1440-4345-88C6-6AF09140329E}.Release|x64.ActiveCfg = Release|x64
		{A53BC5B7-1440-4345-88C6-6AF09140329E}.Release|x64.Build.0 = Release|x64
		{A53BC5B7-1440-4345-88C6-6AF09140329E}.Release|x86.ActiveCfg = Release|Win32
		{A53BC5B7-1440-4345-88C6-6AF09140329E}.Release|x86.Build.0 = Release|Win32
		{430FE254-5019-49A1-B7AC-6D21CC15C958}.Debug|x64.ActiveCfg = Debug|x64
		{430FE254-5019-49A1-B7AC-6D21CC15C958}.Debug|x64.Build.0 = Debug|x64
		{430FE254-5019-49A1-B7AC-6D21CC15C958}.Debug|x86.ActiveCfg = Debug|Win32
		{430FE254-5019-49A1-B7AC-6D21CC15C958}.Debug|x86.Build.0 = Debug|Win32
		{430FE254-5019-49A1-B7AC-6D21CC15C958}.Release|x64.ActiveCfg = Release|x64
		{430FE254-5019-49A1-B7AC-6D21CC15C958}.Release|x64.Build.0 = Release|x64
		{430FE254-5019-49A1-B7AC-6D21CC15C958}.Release|x86.ActiveCfg = Release|Win32
		{430FE254-5019-49A1-B7AC-6D21CC15C958}.Release|x86.Build.0 = Release|Win32
		{DBCF4416-6671-40F9-BEC8-7ED56E7B4219}.Debug|x64.ActiveCfg = Debug|x64
		{DBCF4416-6671-40F9-BEC8-7ED56E7B4219}.Debug|x64.Build.0 = Debug|x64
		{DBCF4416-6671-40F9-BEC8-7ED56E7B4219}.Debug|x86.ActiveCfg = Debug|Win32
		{DBCF4416-6671-40F9-BEC8-7ED56E7B4219}.Debug|x86.Build.0 = Debug|Win32
		{DBCF4416-6671-40F9-BEC8-7ED56E7B4219}.Release|x64.ActiveCfg = Release|x64
		{DBCF4416-6671-40F9-BEC8-7ED56E7B4219}.Release|x64.Build.0 = Release|x64
		{DBCF4416-6671-40F9-BEC8-7ED56E7B4219}.Release|x86.ActiveCfg = Release|Win32
		{DBCF4416-6671-40F9-BEC8-7ED56E7B4219}.Release|x86.Build.0 = Release|Win32
		{86E5EAA6-41F9-465B-B2BC-6BDCC69A500F}.Debug|x64.ActiveCfg = Debug|x64
		{86E5EAA6-41F9-465B-B2BC-6BDCC69A500F}.Debug|x64.Build.0 = Debug|x64
		{86E5EAA6-41F9-465B-B2BC-6BDCC69A500F}.Debug|x86.ActiveCfg = Debug|Win32
		{86E5EAA6-41F9-465B-B2BC-6BDCC69A500F}.Debug|x86.Build.0 = Debug|Win32
		{86E5EAA6-41F9-465B-B2BC-6BDCC69A500F}.Release|x64.ActiveCfg = Release|x64
		{86E5EAA6-41F9-465B-B2BC-6BDCC69A500F}.Release|x64.Build.0 = Release|x64
		{86E5EAA6-41F9-465B-B2BC-6BDCC69A500F}.Release|x86.ActiveCfg = Release|Win32
		{86E5EAA6-41F9-465B-B2BC-6BDCC69A500F}.Release|x86.Build.0 = Release|Win32
		{D1E2BB27-5E8A-4438-813D-CDE3E21B6ABC}.Debug|x64.ActiveCfg = Debug|x64
		{D1E2BB27-5E8A-4438-813D-CDE3E21B6ABC}.Debug|x64.Build.0 = Debug|x64
		{D1E2BB27-5E8A-4438-813D-CDE3E21B6ABC}.Debug|x86.ActiveCfg = Debug|Win32
		{D1E2BB27-5E8A-4438-813D-CDE3E21B6ABC}.Debug|x86.Build.0 = Debug|Win32
		{D1E2BB27-5E8A-4438-813D-CDE3E21B6ABC}.Release|x64.ActiveCfg = Release|x64
		{D1E2BB27-5E8A-4438-813D-CDE3E21B6ABC}.Release|x64.Build.0 = Release|x64
		{D1E2BB27-5E8A-4438-813D-CDE3E21B6ABC}.Release|x86.ActiveCfg = Release|Win32
		{D1E2BB27-5E8A-4438-813D-CDE3E21B6ABC}.Release|x86.Build.0 = Release|Win32
		{4A87AD68-4C51-439D-B35C-E303208A70A3}.Debug|x64.ActiveCfg = Debug|x64
		{4A87AD68-4C51-439D-B35C-E303208A70A3}.Debug|x64.Build.0 = Debug|x64
		{4A87AD68-4C51-439D-B35C-E303208A70A3}.Debug|x86.ActiveCfg = Debug|Win32
		{4A87AD68-4C51-439D-B35C-E303208A70A3}.Debug|x86.Build.0 = Debug|Win32
		{4A87AD68-4C51-439D-B35C-E303208A70A3}.Release|x64.ActiveCfg = Release|x64
		{4A87AD68-4C51-439D-B35C-E303208A70A3}.Release|x64.Build.0 = Release|x64
		{4A87AD68-4C51-439D-B35C-E303208A70A3}.Release|x86.ActiveCfg = Release|Win32
		{4A87AD68-4C51-439D-B35C-E303208A70A3}.Release|x86.Build.0 = Release|Win32
		{DED19617-B51A-4EE3-A2E6-885FC54A96F4}.Debug|x64.ActiveCfg = Debug|x64
		{DED19617-B51A-4EE3-A2E6-885FC54A96F4}.Debug|x64.Build.0 = Debug|x64
		{DED19617-B51A-4EE3-A2E6-885FC54A96F4}.Debug|x86.ActiveCfg = Debug|Win32
		{DED19617-B51A-4EE3-A2E6-885FC54A96F4}.Debug|x86.Build.0 = Debug|Win32
		{DED19617-B51A-4EE3-A2E6-885FC54A96F4}.Release|x64.ActiveCfg = Release|x64
		{DED19617-B51A-4EE3-A2E6-885FC54A96F4}.Release|x64.Build.0 = Release|x64
		{DED19617-B51A-4EE3-A2E6-885FC54A96F4}.Release|x86.ActiveCfg = Release|Win32
		{DED19617-B51A-4EE3-A2E6-885FC54A96F4}.Release|x86.Build.0 = Release|Win32
		{5935AA85-8A1F-4574-BCEE-EE0381E2490D}.Debug|x64.ActiveCfg = Debug|x64
		{5935AA85-8A1F-4574-BCEE-EE0381E2490D}.Debug|x64.Build.0 = Debug|x64
		{5935AA85-8A1F-4574-BCEE-EE0381E2490D}.Debug|x86.ActiveCfg = Debug|Win32
		{5935AA85-8A1F-4574-BCEE-EE0381E2490D}.Debug|x86.Build.0 = Debug|Win32
		{5935AA85-8A1F-4574-BCEE-EE0381E2490D}.Release|x64.ActiveCfg = Release|x64
		{5935AA85-8A1F-4574-BCEE-EE0381E2490D}.Release|x64.Build.0 = Release|x64
		{5935AA85-8A1F-4574-BCEE-EE0381E2490D}.Release|x86.ActiveCfg = Release|Win32
		{5935AA85-8A1F-4574-BCEE-EE0381E2490D}.Release|x86.Build.0 = Release|Win32
		{5D21907D-5E11-47BC-BE95-2EA28E6678BA}.Debug|x64.ActiveCfg = Debug|x64
		{5D21907D-5E11-47BC-BE95-2EA28E6678BA}.Debug|x64.Build.0 = Debug|x64
		{5D21907D-5E11-47BC-BE95-2EA28E6678BA}.Debug|x86.ActiveCfg = Debug|Win32
		{5D21907D-5E11-47BC-BE95-2EA28E6678BA}.Debug|x86.Build.0 = Debug|Win32
		{5D21907D-5E11-47BC-BE95-2EA28E6678BA}.Release|x64.ActiveCfg = Release|x64
		{5D21907D-5E11-47BC-BE95-2EA28E6678BA}.Release|x64.Build.0 = Release|x64
		{5D21907D-5E11-47BC-BE95-2EA28E6678BA}.Release|x86.ActiveCfg = Release|Win32
		{5D21907D-5E11-47BC-BE95-2EA28E6678BA}.Release|x86.Build.0 = Release|Win32
		{532635E4-73BE-4DD0-8BEF-5F6F005D25DF}.Debug|x64.ActiveCfg = Debug|x64
		{532635E4-73BE-4DD0-8BEF-5F6F005D25DF}.Debug|x64.Build.0 = Debug|x64
		{532635E4-73BE-4DD0-8BEF-5F6F005D25DF}.Debug|x86.ActiveCfg = Debug|Win32
		{532635E4-73BE-4DD0-8BEF-5F6F005D25DF}.Debug|x86.Build.0 = Debug|Win32
		{532635E4-73BE-4DD0-8BEF-5F6F005D25DF}.Release|x64.ActiveCfg = Release|x64
		{532635E4-73BE-4DD0-8BEF-5F6F005D25DF}.Release|x64.Build.0 = Release|x64
		{532635E4-73BE-4DD0-8BEF-5F6F005D25DF}.Release|x86.ActiveCfg = Release|Win32
		{532635E4-73BE-4DD0-8BEF-5F6F005D25DF}.Release|x86.Build.0 = Release|Win32
		{AD59C48A-ABE6-4FBE-84E5-6277E4F6F555}.Debug|x64.ActiveCfg = Debug|x64
		{AD59C48A-ABE6-4FBE-84E5-6277E4F6F555}.Debug|x64.Build.0 = Debug|x64
		{AD59C48A-ABE6-4FBE-84E5-6277E4F6F555}.Debug|x86.ActiveCfg = Debug|Win32
		{AD59C48A-ABE6-4FBE-84E5-6277E4F6F555}.Debug|x86.Build.0 = Debug|Win32
		{AD59C48A-ABE6-4FBE-84E5-6277E4F6F555}.Release|x64.ActiveCfg = Release|x64
		{AD59C48A-ABE6-4FBE-84E5-6277E4F6F555}.Release|x64.Build.0 = Release|x64
		{AD59C48A-ABE6-4FBE-84E5-6277E4F6F555}.Release|x86.ActiveCfg = Release|Win32
		{AD59C48A-ABE6-4FBE-84E5-6277E4F6F555}.Release|x86.Build.0 = Release|Win32
		{ABFD9E17-065A-4111-B8D6-7E7F32D9601D}.Debug|x64.ActiveCfg = Debug|x64
		{ABFD9E17-065A-4111-B8D6-7E7F32D9601D}.Debug|x64.Build.0 = Debug|x64
		{ABFD9E17-065A-4111-B8D6-7E7F32D9601D}.Debug|x86.ActiveCfg = Debug|Win32
		{ABFD9E17-065A-4111-B8D6-7E7F32D9601D}.Debug|x86.Build.0 = Debug|Win32
		{ABFD9E17-065A-4111-B8D6-7E7F32D9601D}.Release|x64.ActiveCfg = Release|x64
		{ABFD9E17-065A-4111-B8D6-7E7F32D9601D}.Release|x64.Build.0 = Release|x64
		{ABFD9E17-065A-4111-B8D6-7E7F32D9601D}.Release|x86.ActiveCfg = Release|Win32
		{ABFD9E17-065A-4111-B8D6-7E7F32D9601D}.Release|x86.Build.0 = Release|Win32
	EndGlobalSection
	GlobalSection(SolutionProperties) = preSolution
		HideSolutionNode = FALSE
	EndGlobalSection
EndGlobal
